// !$*UTF8*$!
{
	archiveVersion = 1;
	classes = {
	};
	objectVersion = 50;
	objects = {

/* Begin PBXBuildFile section */
		A114E509265A7B060099B4E7 /* MapViewController.swift in Sources */ = {isa = PBXBuildFile; fileRef = A114E508265A7B060099B4E7 /* MapViewController.swift */; };
		A114E50C265A7B490099B4E7 /* Food.swift in Sources */ = {isa = PBXBuildFile; fileRef = A114E50B265A7B490099B4E7 /* Food.swift */; };
		A114E50F265A83940099B4E7 /* DetailFoodTableViewController.swift in Sources */ = {isa = PBXBuildFile; fileRef = A114E50E265A83940099B4E7 /* DetailFoodTableViewController.swift */; };
		A114E512265A83BA0099B4E7 /* FoodTableViewController.swift in Sources */ = {isa = PBXBuildFile; fileRef = A114E511265A83BA0099B4E7 /* FoodTableViewController.swift */; };
		A114E516265A84470099B4E7 /* DetailTastyTableViewController.swift in Sources */ = {isa = PBXBuildFile; fileRef = A114E515265A84470099B4E7 /* DetailTastyTableViewController.swift */; };
		A114E519265A84930099B4E7 /* TastyTableViewController.swift in Sources */ = {isa = PBXBuildFile; fileRef = A114E518265A84920099B4E7 /* TastyTableViewController.swift */; };
		A186CCA22657620300F02B69 /* EatToday_Logo.png in Resources */ = {isa = PBXBuildFile; fileRef = A186CCA12657620300F02B69 /* EatToday_Logo.png */; };
		A186CCBA26578C9300F02B69 /* Home.storyboard in Resources */ = {isa = PBXBuildFile; fileRef = A186CCB926578C9300F02B69 /* Home.storyboard */; };
		A186CCBD26578D1700F02B69 /* LogoViewController.swift in Sources */ = {isa = PBXBuildFile; fileRef = A186CCBC26578D1700F02B69 /* LogoViewController.swift */; };
		A186CCC32657916800F02B69 /* HomeViewController.swift in Sources */ = {isa = PBXBuildFile; fileRef = A186CCC22657916800F02B69 /* HomeViewController.swift */; };
		A186CCCC26579C1E00F02B69 /* Main.storyboard in Resources */ = {isa = PBXBuildFile; fileRef = A186CCCA26579C1E00F02B69 /* Main.storyboard */; };
		A1F5DA7B264A7CC200557B38 /* AppDelegate.swift in Sources */ = {isa = PBXBuildFile; fileRef = A1F5DA7A264A7CC200557B38 /* AppDelegate.swift */; };
		A1F5DA7D264A7CC200557B38 /* SceneDelegate.swift in Sources */ = {isa = PBXBuildFile; fileRef = A1F5DA7C264A7CC200557B38 /* SceneDelegate.swift */; };
		A1F5DA7F264A7CC200557B38 /* ViewController.swift in Sources */ = {isa = PBXBuildFile; fileRef = A1F5DA7E264A7CC200557B38 /* ViewController.swift */; };
		A1F5DA84264A7CC200557B38 /* Assets.xcassets in Resources */ = {isa = PBXBuildFile; fileRef = A1F5DA83264A7CC200557B38 /* Assets.xcassets */; };
		A1F5DA87264A7CC200557B38 /* LaunchScreen.storyboard in Resources */ = {isa = PBXBuildFile; fileRef = A1F5DA85264A7CC200557B38 /* LaunchScreen.storyboard */; };
/* End PBXBuildFile section */

/* Begin PBXFileReference section */
		A114E508265A7B060099B4E7 /* MapViewController.swift */ = {isa = PBXFileReference; lastKnownFileType = sourcecode.swift; path = MapViewController.swift; sourceTree = "<group>"; };
		A114E50B265A7B490099B4E7 /* Food.swift */ = {isa = PBXFileReference; lastKnownFileType = sourcecode.swift; path = Food.swift; sourceTree = "<group>"; };
		A114E50E265A83940099B4E7 /* DetailFoodTableViewController.swift */ = {isa = PBXFileReference; lastKnownFileType = sourcecode.swift; path = DetailFoodTableViewController.swift; sourceTree = "<group>"; };
		A114E511265A83BA0099B4E7 /* FoodTableViewController.swift */ = {isa = PBXFileReference; fileEncoding = 4; lastKnownFileType = sourcecode.swift; path = FoodTableViewController.swift; sourceTree = "<group>"; };
		A114E515265A84470099B4E7 /* DetailTastyTableViewController.swift */ = {isa = PBXFileReference; lastKnownFileType = sourcecode.swift; path = DetailTastyTableViewController.swift; sourceTree = "<group>"; };
		A114E518265A84920099B4E7 /* TastyTableViewController.swift */ = {isa = PBXFileReference; fileEncoding = 4; lastKnownFileType = sourcecode.swift; path = TastyTableViewController.swift; sourceTree = "<group>"; };
		A186CCA12657620300F02B69 /* EatToday_Logo.png */ = {isa = PBXFileReference; lastKnownFileType = image.png; path = EatToday_Logo.png; sourceTree = "<group>"; };
		A186CCB926578C9300F02B69 /* Home.storyboard */ = {isa = PBXFileReference; lastKnownFileType = file.storyboard; path = Home.storyboard; sourceTree = "<group>"; };
		A186CCBC26578D1700F02B69 /* LogoViewController.swift */ = {isa = PBXFileReference; lastKnownFileType = sourcecode.swift; path = LogoViewController.swift; sourceTree = "<group>"; };
		A186CCC22657916800F02B69 /* HomeViewController.swift */ = {isa = PBXFileReference; lastKnownFileType = sourcecode.swift; path = HomeViewController.swift; sourceTree = "<group>"; };
		A186CCCB26579C1E00F02B69 /* Base */ = {isa = PBXFileReference; lastKnownFileType = file.storyboard; name = Base; path = Base.lproj/Main.storyboard; sourceTree = "<group>"; };
		A1F5DA77264A7CC200557B38 /* Eat_Today.app */ = {isa = PBXFileReference; explicitFileType = wrapper.application; includeInIndex = 0; path = Eat_Today.app; sourceTree = BUILT_PRODUCTS_DIR; };
		A1F5DA7A264A7CC200557B38 /* AppDelegate.swift */ = {isa = PBXFileReference; lastKnownFileType = sourcecode.swift; path = AppDelegate.swift; sourceTree = "<group>"; };
		A1F5DA7C264A7CC200557B38 /* SceneDelegate.swift */ = {isa = PBXFileReference; lastKnownFileType = sourcecode.swift; path = SceneDelegate.swift; sourceTree = "<group>"; };
		A1F5DA7E264A7CC200557B38 /* ViewController.swift */ = {isa = PBXFileReference; lastKnownFileType = sourcecode.swift; path = ViewController.swift; sourceTree = "<group>"; };
		A1F5DA83264A7CC200557B38 /* Assets.xcassets */ = {isa = PBXFileReference; lastKnownFileType = folder.assetcatalog; path = Assets.xcassets; sourceTree = "<group>"; };
		A1F5DA86264A7CC200557B38 /* Base */ = {isa = PBXFileReference; lastKnownFileType = file.storyboard; name = Base; path = Base.lproj/LaunchScreen.storyboard; sourceTree = "<group>"; };
		A1F5DA88264A7CC200557B38 /* Info.plist */ = {isa = PBXFileReference; lastKnownFileType = text.plist.xml; path = Info.plist; sourceTree = "<group>"; };
/* End PBXFileReference section */

/* Begin PBXFrameworksBuildPhase section */
		A1F5DA74264A7CC200557B38 /* Frameworks */ = {
			isa = PBXFrameworksBuildPhase;
			buildActionMask = 2147483647;
			files = (
			);
			runOnlyForDeploymentPostprocessing = 0;
		};
/* End PBXFrameworksBuildPhase section */

/* Begin PBXGroup section */
		A114E514265A84120099B4E7 /* Food */ = {
			isa = PBXGroup;
			children = (
				A114E50B265A7B490099B4E7 /* Food.swift */,
				A186CCC22657916800F02B69 /* HomeViewController.swift */,
				A114E508265A7B060099B4E7 /* MapViewController.swift */,
				A114E511265A83BA0099B4E7 /* FoodTableViewController.swift */,
				A114E50E265A83940099B4E7 /* DetailFoodTableViewController.swift */,
				A114E518265A84920099B4E7 /* TastyTableViewController.swift */,
				A114E515265A84470099B4E7 /* DetailTastyTableViewController.swift */,
			);
			path = Food;
			sourceTree = "<group>";
		};
		A186CCA0265761C400F02B69 /* Resource */ = {
			isa = PBXGroup;
			children = (
				A186CCA12657620300F02B69 /* EatToday_Logo.png */,
			);
			path = Resource;
			sourceTree = "<group>";
		};
		A186CCB826578C6F00F02B69 /* Loading */ = {
			isa = PBXGroup;
			children = (
				A1F5DA85264A7CC200557B38 /* LaunchScreen.storyboard */,
				A186CCCA26579C1E00F02B69 /* Main.storyboard */,
				A186CCBC26578D1700F02B69 /* LogoViewController.swift */,
			);
			path = Loading;
			sourceTree = "<group>";
		};
		A1F5DA6E264A7CC200557B38 = {
			isa = PBXGroup;
			children = (
				A1F5DA79264A7CC200557B38 /* Eat_Today */,
				A1F5DA78264A7CC200557B38 /* Products */,
			);
			sourceTree = "<group>";
		};
		A1F5DA78264A7CC200557B38 /* Products */ = {
			isa = PBXGroup;
			children = (
				A1F5DA77264A7CC200557B38 /* Eat_Today.app */,
			);
			name = Products;
			sourceTree = "<group>";
		};
		A1F5DA79264A7CC200557B38 /* Eat_Today */ = {
			isa = PBXGroup;
			children = (
				A114E514265A84120099B4E7 /* Food */,
				A186CCB826578C6F00F02B69 /* Loading */,
				A186CCA0265761C400F02B69 /* Resource */,
				A1F5DA7A264A7CC200557B38 /* AppDelegate.swift */,
				A1F5DA7C264A7CC200557B38 /* SceneDelegate.swift */,
				A1F5DA83264A7CC200557B38 /* Assets.xcassets */,
				A1F5DA88264A7CC200557B38 /* Info.plist */,
				A186CCB926578C9300F02B69 /* Home.storyboard */,
				A1F5DA7E264A7CC200557B38 /* ViewController.swift */,
			);
			path = Eat_Today;
			sourceTree = "<group>";
		};
/* End PBXGroup section */

/* Begin PBXNativeTarget section */
		A1F5DA76264A7CC200557B38 /* Eat_Today */ = {
			isa = PBXNativeTarget;
			buildConfigurationList = A1F5DA8B264A7CC200557B38 /* Build configuration list for PBXNativeTarget "Eat_Today" */;
			buildPhases = (
				A1F5DA73264A7CC200557B38 /* Sources */,
				A1F5DA74264A7CC200557B38 /* Frameworks */,
				A1F5DA75264A7CC200557B38 /* Resources */,
			);
			buildRules = (
			);
			dependencies = (
			);
			name = Eat_Today;
			productName = Eat_Today;
			productReference = A1F5DA77264A7CC200557B38 /* Eat_Today.app */;
			productType = "com.apple.product-type.application";
		};
/* End PBXNativeTarget section */

/* Begin PBXProject section */
		A1F5DA6F264A7CC200557B38 /* Project object */ = {
			isa = PBXProject;
			attributes = {
				LastSwiftUpdateCheck = 1240;
				LastUpgradeCheck = 1240;
				TargetAttributes = {
					A1F5DA76264A7CC200557B38 = {
						CreatedOnToolsVersion = 12.4;
					};
				};
			};
			buildConfigurationList = A1F5DA72264A7CC200557B38 /* Build configuration list for PBXProject "Eat_Today" */;
			compatibilityVersion = "Xcode 9.3";
			developmentRegion = en;
			hasScannedForEncodings = 0;
			knownRegions = (
				en,
				Base,
			);
			mainGroup = A1F5DA6E264A7CC200557B38;
			productRefGroup = A1F5DA78264A7CC200557B38 /* Products */;
			projectDirPath = "";
			projectRoot = "";
			targets = (
				A1F5DA76264A7CC200557B38 /* Eat_Today */,
			);
		};
/* End PBXProject section */

/* Begin PBXResourcesBuildPhase section */
		A1F5DA75264A7CC200557B38 /* Resources */ = {
			isa = PBXResourcesBuildPhase;
			buildActionMask = 2147483647;
			files = (
				A1F5DA87264A7CC200557B38 /* LaunchScreen.storyboard in Resources */,
				A186CCCC26579C1E00F02B69 /* Main.storyboard in Resources */,
				A186CCBA26578C9300F02B69 /* Home.storyboard in Resources */,
				A1F5DA84264A7CC200557B38 /* Assets.xcassets in Resources */,
				A186CCA22657620300F02B69 /* EatToday_Logo.png in Resources */,
			);
			runOnlyForDeploymentPostprocessing = 0;
		};
/* End PBXResourcesBuildPhase section */

/* Begin PBXSourcesBuildPhase section */
		A1F5DA73264A7CC200557B38 /* Sources */ = {
			isa = PBXSourcesBuildPhase;
			buildActionMask = 2147483647;
			files = (
				A114E512265A83BA0099B4E7 /* FoodTableViewController.swift in Sources */,
				A186CCC32657916800F02B69 /* HomeViewController.swift in Sources */,
				A114E50F265A83940099B4E7 /* DetailFoodTableViewController.swift in Sources */,
				A1F5DA7F264A7CC200557B38 /* ViewController.swift in Sources */,
				A1F5DA7B264A7CC200557B38 /* AppDelegate.swift in Sources */,
				A114E519265A84930099B4E7 /* TastyTableViewController.swift in Sources */,
				A186CCBD26578D1700F02B69 /* LogoViewController.swift in Sources */,
				A114E50C265A7B490099B4E7 /* Food.swift in Sources */,
				A114E516265A84470099B4E7 /* DetailTastyTableViewController.swift in Sources */,
				A1F5DA7D264A7CC200557B38 /* SceneDelegate.swift in Sources */,
				A114E509265A7B060099B4E7 /* MapViewController.swift in Sources */,
			);
			runOnlyForDeploymentPostprocessing = 0;
		};
/* End PBXSourcesBuildPhase section */

/* Begin PBXVariantGroup section */
		A186CCCA26579C1E00F02B69 /* Main.storyboard */ = {
			isa = PBXVariantGroup;
			children = (
				A186CCCB26579C1E00F02B69 /* Base */,
			);
			name = Main.storyboard;
			sourceTree = "<group>";
		};
		A1F5DA85264A7CC200557B38 /* LaunchScreen.storyboard */ = {
			isa = PBXVariantGroup;
			children = (
				A1F5DA86264A7CC200557B38 /* Base */,
			);
			name = LaunchScreen.storyboard;
			sourceTree = "<group>";
		};
/* End PBXVariantGroup section */

/* Begin XCBuildConfiguration section */
		A1F5DA89264A7CC200557B38 /* Debug */ = {
			isa = XCBuildConfiguration;
			buildSettings = {
				ALWAYS_SEARCH_USER_PATHS = NO;
				CLANG_ANALYZER_NONNULL = YES;
				CLANG_ANALYZER_NUMBER_OBJECT_CONVERSION = YES_AGGRESSIVE;
				CLANG_CXX_LANGUAGE_STANDARD = "gnu++14";
				CLANG_CXX_LIBRARY = "libc++";
				CLANG_ENABLE_MODULES = YES;
				CLANG_ENABLE_OBJC_ARC = YES;
				CLANG_ENABLE_OBJC_WEAK = YES;
				CLANG_WARN_BLOCK_CAPTURE_AUTORELEASING = YES;
				CLANG_WARN_BOOL_CONVERSION = YES;
				CLANG_WARN_COMMA = YES;
				CLANG_WARN_CONSTANT_CONVERSION = YES;
				CLANG_WARN_DEPRECATED_OBJC_IMPLEMENTATIONS = YES;
				CLANG_WARN_DIRECT_OBJC_ISA_USAGE = YES_ERROR;
				CLANG_WARN_DOCUMENTATION_COMMENTS = YES;
				CLANG_WARN_EMPTY_BODY = YES;
				CLANG_WARN_ENUM_CONVERSION = YES;
				CLANG_WARN_INFINITE_RECURSION = YES;
				CLANG_WARN_INT_CONVERSION = YES;
				CLANG_WARN_NON_LITERAL_NULL_CONVERSION = YES;
				CLANG_WARN_OBJC_IMPLICIT_RETAIN_SELF = YES;
				CLANG_WARN_OBJC_LITERAL_CONVERSION = YES;
				CLANG_WARN_OBJC_ROOT_CLASS = YES_ERROR;
				CLANG_WARN_QUOTED_INCLUDE_IN_FRAMEWORK_HEADER = YES;
				CLANG_WARN_RANGE_LOOP_ANALYSIS = YES;
				CLANG_WARN_STRICT_PROTOTYPES = YES;
				CLANG_WARN_SUSPICIOUS_MOVE = YES;
				CLANG_WARN_UNGUARDED_AVAILABILITY = YES_AGGRESSIVE;
				CLANG_WARN_UNREACHABLE_CODE = YES;
				CLANG_WARN__DUPLICATE_METHOD_MATCH = YES;
				COPY_PHASE_STRIP = NO;
				DEBUG_INFORMATION_FORMAT = dwarf;
				ENABLE_STRICT_OBJC_MSGSEND = YES;
				ENABLE_TESTABILITY = YES;
				GCC_C_LANGUAGE_STANDARD = gnu11;
				GCC_DYNAMIC_NO_PIC = NO;
				GCC_NO_COMMON_BLOCKS = YES;
				GCC_OPTIMIZATION_LEVEL = 0;
				GCC_PREPROCESSOR_DEFINITIONS = (
					"DEBUG=1",
					"$(inherited)",
				);
				GCC_WARN_64_TO_32_BIT_CONVERSION = YES;
				GCC_WARN_ABOUT_RETURN_TYPE = YES_ERROR;
				GCC_WARN_UNDECLARED_SELECTOR = YES;
				GCC_WARN_UNINITIALIZED_AUTOS = YES_AGGRESSIVE;
				GCC_WARN_UNUSED_FUNCTION = YES;
				GCC_WARN_UNUSED_VARIABLE = YES;
				IPHONEOS_DEPLOYMENT_TARGET = 14.4;
				MTL_ENABLE_DEBUG_INFO = INCLUDE_SOURCE;
				MTL_FAST_MATH = YES;
				ONLY_ACTIVE_ARCH = YES;
				SDKROOT = iphoneos;
				SWIFT_ACTIVE_COMPILATION_CONDITIONS = DEBUG;
				SWIFT_OPTIMIZATION_LEVEL = "-Onone";
			};
			name = Debug;
		};
		A1F5DA8A264A7CC200557B38 /* Release */ = {
			isa = XCBuildConfiguration;
			buildSettings = {
				ALWAYS_SEARCH_USER_PATHS = NO;
				CLANG_ANALYZER_NONNULL = YES;
				CLANG_ANALYZER_NUMBER_OBJECT_CONVERSION = YES_AGGRESSIVE;
				CLANG_CXX_LANGUAGE_STANDARD = "gnu++14";
				CLANG_CXX_LIBRARY = "libc++";
				CLANG_ENABLE_MODULES = YES;
				CLANG_ENABLE_OBJC_ARC = YES;
				CLANG_ENABLE_OBJC_WEAK = YES;
				CLANG_WARN_BLOCK_CAPTURE_AUTORELEASING = YES;
				CLANG_WARN_BOOL_CONVERSION = YES;
				CLANG_WARN_COMMA = YES;
				CLANG_WARN_CONSTANT_CONVERSION = YES;
				CLANG_WARN_DEPRECATED_OBJC_IMPLEMENTATIONS = YES;
				CLANG_WARN_DIRECT_OBJC_ISA_USAGE = YES_ERROR;
				CLANG_WARN_DOCUMENTATION_COMMENTS = YES;
				CLANG_WARN_EMPTY_BODY = YES;
				CLANG_WARN_ENUM_CONVERSION = YES;
				CLANG_WARN_INFINITE_RECURSION = YES;
				CLANG_WARN_INT_CONVERSION = YES;
				CLANG_WARN_NON_LITERAL_NULL_CONVERSION = YES;
				CLANG_WARN_OBJC_IMPLICIT_RETAIN_SELF = YES;
				CLANG_WARN_OBJC_LITERAL_CONVERSION = YES;
				CLANG_WARN_OBJC_ROOT_CLASS = YES_ERROR;
				CLANG_WARN_QUOTED_INCLUDE_IN_FRAMEWORK_HEADER = YES;
				CLANG_WARN_RANGE_LOOP_ANALYSIS = YES;
				CLANG_WARN_STRICT_PROTOTYPES = YES;
				CLANG_WARN_SUSPICIOUS_MOVE = YES;
				CLANG_WARN_UNGUARDED_AVAILABILITY = YES_AGGRESSIVE;
				CLANG_WARN_UNREACHABLE_CODE = YES;
				CLANG_WARN__DUPLICATE_METHOD_MATCH = YES;
				COPY_PHASE_STRIP = NO;
				DEBUG_INFORMATION_FORMAT = "dwarf-with-dsym";
				ENABLE_NS_ASSERTIONS = NO;
				ENABLE_STRICT_OBJC_MSGSEND = YES;
				GCC_C_LANGUAGE_STANDARD = gnu11;
				GCC_NO_COMMON_BLOCKS = YES;
				GCC_WARN_64_TO_32_BIT_CONVERSION = YES;
				GCC_WARN_ABOUT_RETURN_TYPE = YES_ERROR;
				GCC_WARN_UNDECLARED_SELECTOR = YES;
				GCC_WARN_UNINITIALIZED_AUTOS = YES_AGGRESSIVE;
				GCC_WARN_UNUSED_FUNCTION = YES;
				GCC_WARN_UNUSED_VARIABLE = YES;
				IPHONEOS_DEPLOYMENT_TARGET = 14.4;
				MTL_ENABLE_DEBUG_INFO = NO;
				MTL_FAST_MATH = YES;
				SDKROOT = iphoneos;
				SWIFT_COMPILATION_MODE = wholemodule;
				SWIFT_OPTIMIZATION_LEVEL = "-O";
				VALIDATE_PRODUCT = YES;
			};
			name = Release;
		};
		A1F5DA8C264A7CC200557B38 /* Debug */ = {
			isa = XCBuildConfiguration;
			buildSettings = {
				ASSETCATALOG_COMPILER_APPICON_NAME = AppIcon;
				ASSETCATALOG_COMPILER_GLOBAL_ACCENT_COLOR_NAME = AccentColor;
				CODE_SIGN_STYLE = Automatic;
				DEVELOPMENT_TEAM = 85VKQ44T6P;
				INFOPLIST_FILE = Eat_Today/Info.plist;
				LD_RUNPATH_SEARCH_PATHS = (
					"$(inherited)",
					"@executable_path/Frameworks",
				);
				PRODUCT_BUNDLE_IDENTIFIER = "sun.2021class.Eat-Today";
				PRODUCT_NAME = "$(TARGET_NAME)";
				SWIFT_VERSION = 5.0;
				TARGETED_DEVICE_FAMILY = "1,2";
			};
			name = Debug;
		};
		A1F5DA8D264A7CC200557B38 /* Release */ = {
			isa = XCBuildConfiguration;
			buildSettings = {
				ASSETCATALOG_COMPILER_APPICON_NAME = AppIcon;
				ASSETCATALOG_COMPILER_GLOBAL_ACCENT_COLOR_NAME = AccentColor;
				CODE_SIGN_STYLE = Automatic;
				DEVELOPMENT_TEAM = 85VKQ44T6P;
				INFOPLIST_FILE = Eat_Today/Info.plist;
				LD_RUNPATH_SEARCH_PATHS = (
					"$(inherited)",
					"@executable_path/Frameworks",
				);
				PRODUCT_BUNDLE_IDENTIFIER = "sun.2021class.Eat-Today";
				PRODUCT_NAME = "$(TARGET_NAME)";
				SWIFT_VERSION = 5.0;
				TARGETED_DEVICE_FAMILY = "1,2";
			};
			name = Release;
		};
/* End XCBuildConfiguration section */

/* Begin XCConfigurationList section */
		A1F5DA72264A7CC200557B38 /* Build configuration list for PBXProject "Eat_Today" */ = {
			isa = XCConfigurationList;
			buildConfigurations = (
				A1F5DA89264A7CC200557B38 /* Debug */,
				A1F5DA8A264A7CC200557B38 /* Release */,
			);
			defaultConfigurationIsVisible = 0;
			defaultConfigurationName = Release;
		};
		A1F5DA8B264A7CC200557B38 /* Build configuration list for PBXNativeTarget "Eat_Today" */ = {
			isa = XCConfigurationList;
			buildConfigurations = (
				A1F5DA8C264A7CC200557B38 /* Debug */,
				A1F5DA8D264A7CC200557B38 /* Release */,
			);
			defaultConfigurationIsVisible = 0;
			defaultConfigurationName = Release;
		};
/* End XCConfigurationList section */
	};
	rootObject = A1F5DA6F264A7CC200557B38 /* Project object */;
}
