// !$*UTF8*$!
{
	archiveVersion = 1;
	classes = {
	};
	objectVersion = 50;
	objects = {

/* Begin PBXBuildFile section */
		A114E50C265A7B490099B4E7 /* Food.swift in Sources */ = {isa = PBXBuildFile; fileRef = A114E50B265A7B490099B4E7 /* Food.swift */; };
		A114E52D265A99EF0099B4E7 /* Korea_TableViewController.swift in Sources */ = {isa = PBXBuildFile; fileRef = A114E52C265A99EF0099B4E7 /* Korea_TableViewController.swift */; };
		A114E536265A9A930099B4E7 /* China_TableViewController.swift in Sources */ = {isa = PBXBuildFile; fileRef = A114E531265A9A930099B4E7 /* China_TableViewController.swift */; };
		A114E537265A9A930099B4E7 /* Japan_TableViewController.swift in Sources */ = {isa = PBXBuildFile; fileRef = A114E532265A9A930099B4E7 /* Japan_TableViewController.swift */; };
		A114E538265A9A930099B4E7 /* Famous_TableViewController.swift in Sources */ = {isa = PBXBuildFile; fileRef = A114E533265A9A930099B4E7 /* Famous_TableViewController.swift */; };
		A114E539265A9A930099B4E7 /* Italy_TableViewController.swift in Sources */ = {isa = PBXBuildFile; fileRef = A114E534265A9A930099B4E7 /* Italy_TableViewController.swift */; };
		A114E53A265A9A930099B4E7 /* Cafe_TableViewController.swift in Sources */ = {isa = PBXBuildFile; fileRef = A114E535265A9A930099B4E7 /* Cafe_TableViewController.swift */; };
		A114E540265ABE8C0099B4E7 /* CityPickerViewController.swift in Sources */ = {isa = PBXBuildFile; fileRef = A114E53F265ABE8C0099B4E7 /* CityPickerViewController.swift */; };
		A114E54F265B0B8D0099B4E7 /* Korea_DetailTableViewController.swift in Sources */ = {isa = PBXBuildFile; fileRef = A114E54E265B0B8D0099B4E7 /* Korea_DetailTableViewController.swift */; };
		A114E552265B0BD10099B4E7 /* Cafe_DetailTableViewController.swift in Sources */ = {isa = PBXBuildFile; fileRef = A114E551265B0BD10099B4E7 /* Cafe_DetailTableViewController.swift */; };
		A114E555265B0BDA0099B4E7 /* Italy_DetailTableViewController.swift in Sources */ = {isa = PBXBuildFile; fileRef = A114E554265B0BDA0099B4E7 /* Italy_DetailTableViewController.swift */; };
		A114E558265B0BE60099B4E7 /* China_DetailTableViewController.swift in Sources */ = {isa = PBXBuildFile; fileRef = A114E557265B0BE60099B4E7 /* China_DetailTableViewController.swift */; };
		A114E55B265B0BEE0099B4E7 /* Japan_DetailTableViewController.swift in Sources */ = {isa = PBXBuildFile; fileRef = A114E55A265B0BEE0099B4E7 /* Japan_DetailTableViewController.swift */; };
		A114E55E265B0BFA0099B4E7 /* Famous_DetailTableViewController.swift in Sources */ = {isa = PBXBuildFile; fileRef = A114E55D265B0BFA0099B4E7 /* Famous_DetailTableViewController.swift */; };
		A1468E5F266AB4D700E1B3B8 /* Famous.swift in Sources */ = {isa = PBXBuildFile; fileRef = A1468E5E266AB4D700E1B3B8 /* Famous.swift */; };
		A1468E61266ABE5B00E1B3B8 /* SearchFooter.swift in Sources */ = {isa = PBXBuildFile; fileRef = A1468E60266ABE5B00E1B3B8 /* SearchFooter.swift */; };
		A18374F9265C13BD009F212C /* Japan_HeartTableViewController.swift in Sources */ = {isa = PBXBuildFile; fileRef = A18374F4265C13BD009F212C /* Japan_HeartTableViewController.swift */; };
		A18374FA265C13BD009F212C /* China_HeartTableViewController.swift in Sources */ = {isa = PBXBuildFile; fileRef = A18374F5265C13BD009F212C /* China_HeartTableViewController.swift */; };
		A18374FB265C13BD009F212C /* Cafe_HeartTableViewController.swift in Sources */ = {isa = PBXBuildFile; fileRef = A18374F6265C13BD009F212C /* Cafe_HeartTableViewController.swift */; };
		A18374FC265C13BD009F212C /* Famous_HeartTableViewController.swift in Sources */ = {isa = PBXBuildFile; fileRef = A18374F7265C13BD009F212C /* Famous_HeartTableViewController.swift */; };
		A18374FD265C13BD009F212C /* Italy_HeartTableViewController.swift in Sources */ = {isa = PBXBuildFile; fileRef = A18374F8265C13BD009F212C /* Italy_HeartTableViewController.swift */; };
		A1837501265C1B5D009F212C /* HeartTableViewController.swift in Sources */ = {isa = PBXBuildFile; fileRef = A1837500265C1B5C009F212C /* HeartTableViewController.swift */; };
		A186CCBA26578C9300F02B69 /* Home.storyboard in Resources */ = {isa = PBXBuildFile; fileRef = A186CCB926578C9300F02B69 /* Home.storyboard */; };
		A186CCBD26578D1700F02B69 /* LogoViewController.swift in Sources */ = {isa = PBXBuildFile; fileRef = A186CCBC26578D1700F02B69 /* LogoViewController.swift */; };
		A186CCC32657916800F02B69 /* HomeViewController.swift in Sources */ = {isa = PBXBuildFile; fileRef = A186CCC22657916800F02B69 /* HomeViewController.swift */; };
		A186CCCC26579C1E00F02B69 /* Main.storyboard in Resources */ = {isa = PBXBuildFile; fileRef = A186CCCA26579C1E00F02B69 /* Main.storyboard */; };
		A18CA54E265B98BB009CBD87 /* AllMapViewController.swift in Sources */ = {isa = PBXBuildFile; fileRef = A18CA54D265B98BB009CBD87 /* AllMapViewController.swift */; };
		A18CA553265BA6E4009CBD87 /* Korea_MapViewController.swift in Sources */ = {isa = PBXBuildFile; fileRef = A18CA552265BA6E4009CBD87 /* Korea_MapViewController.swift */; };
		A18CA55A265BA730009CBD87 /* Cafe_MapViewController.swift in Sources */ = {isa = PBXBuildFile; fileRef = A18CA555265BA72F009CBD87 /* Cafe_MapViewController.swift */; };
		A18CA55B265BA730009CBD87 /* China_MapViewController.swift in Sources */ = {isa = PBXBuildFile; fileRef = A18CA556265BA72F009CBD87 /* China_MapViewController.swift */; };
		A18CA55C265BA730009CBD87 /* Famous_MapViewController.swift in Sources */ = {isa = PBXBuildFile; fileRef = A18CA557265BA72F009CBD87 /* Famous_MapViewController.swift */; };
		A18CA55D265BA730009CBD87 /* Italy_MapViewController.swift in Sources */ = {isa = PBXBuildFile; fileRef = A18CA558265BA72F009CBD87 /* Italy_MapViewController.swift */; };
		A18CA55E265BA730009CBD87 /* Japan_MapViewController.swift in Sources */ = {isa = PBXBuildFile; fileRef = A18CA559265BA72F009CBD87 /* Japan_MapViewController.swift */; };
		A1AD1574265C0D6300109A8B /* Korea_HeartTableViewController.swift in Sources */ = {isa = PBXBuildFile; fileRef = A1AD1573265C0D6300109A8B /* Korea_HeartTableViewController.swift */; };
		A1AD1578265C0DB200109A8B /* Heart.swift in Sources */ = {isa = PBXBuildFile; fileRef = A1AD1577265C0DB200109A8B /* Heart.swift */; };
		A1AD157B265C0F1C00109A8B /* StarPickerViewController.swift in Sources */ = {isa = PBXBuildFile; fileRef = A1AD157A265C0F1C00109A8B /* StarPickerViewController.swift */; };
		A1B2E9EC266AD4D90027360F /* ColorViewController.swift in Sources */ = {isa = PBXBuildFile; fileRef = A1B2E9E9266AD4D90027360F /* ColorViewController.swift */; };
		A1B2E9ED266AD4D90027360F /* RGB.swift in Sources */ = {isa = PBXBuildFile; fileRef = A1B2E9EA266AD4D90027360F /* RGB.swift */; };
		A1B2E9EE266AD4D90027360F /* Color.swift in Sources */ = {isa = PBXBuildFile; fileRef = A1B2E9EB266AD4D90027360F /* Color.swift */; };
		A1B2E9F1266AD4F10027360F /* OptionTableViewController.swift in Sources */ = {isa = PBXBuildFile; fileRef = A1B2E9F0266AD4F10027360F /* OptionTableViewController.swift */; };
		A1B2E9F4266AD5090027360F /* SearchTableViewController.swift in Sources */ = {isa = PBXBuildFile; fileRef = A1B2E9F3266AD5090027360F /* SearchTableViewController.swift */; };
		A1F5DA7B264A7CC200557B38 /* AppDelegate.swift in Sources */ = {isa = PBXBuildFile; fileRef = A1F5DA7A264A7CC200557B38 /* AppDelegate.swift */; };
		A1F5DA7D264A7CC200557B38 /* SceneDelegate.swift in Sources */ = {isa = PBXBuildFile; fileRef = A1F5DA7C264A7CC200557B38 /* SceneDelegate.swift */; };
		A1F5DA84264A7CC200557B38 /* Assets.xcassets in Resources */ = {isa = PBXBuildFile; fileRef = A1F5DA83264A7CC200557B38 /* Assets.xcassets */; };
		A1F5DA87264A7CC200557B38 /* LaunchScreen.storyboard in Resources */ = {isa = PBXBuildFile; fileRef = A1F5DA85264A7CC200557B38 /* LaunchScreen.storyboard */; };
/* End PBXBuildFile section */

/* Begin PBXFileReference section */
		A114E50B265A7B490099B4E7 /* Food.swift */ = {isa = PBXFileReference; lastKnownFileType = sourcecode.swift; path = Food.swift; sourceTree = "<group>"; };
		A114E52C265A99EF0099B4E7 /* Korea_TableViewController.swift */ = {isa = PBXFileReference; lastKnownFileType = sourcecode.swift; path = Korea_TableViewController.swift; sourceTree = "<group>"; };
		A114E531265A9A930099B4E7 /* China_TableViewController.swift */ = {isa = PBXFileReference; fileEncoding = 4; lastKnownFileType = sourcecode.swift; path = China_TableViewController.swift; sourceTree = "<group>"; };
		A114E532265A9A930099B4E7 /* Japan_TableViewController.swift */ = {isa = PBXFileReference; fileEncoding = 4; lastKnownFileType = sourcecode.swift; path = Japan_TableViewController.swift; sourceTree = "<group>"; };
		A114E533265A9A930099B4E7 /* Famous_TableViewController.swift */ = {isa = PBXFileReference; fileEncoding = 4; lastKnownFileType = sourcecode.swift; path = Famous_TableViewController.swift; sourceTree = "<group>"; };
		A114E534265A9A930099B4E7 /* Italy_TableViewController.swift */ = {isa = PBXFileReference; fileEncoding = 4; lastKnownFileType = sourcecode.swift; path = Italy_TableViewController.swift; sourceTree = "<group>"; };
		A114E535265A9A930099B4E7 /* Cafe_TableViewController.swift */ = {isa = PBXFileReference; fileEncoding = 4; lastKnownFileType = sourcecode.swift; path = Cafe_TableViewController.swift; sourceTree = "<group>"; };
		A114E53F265ABE8C0099B4E7 /* CityPickerViewController.swift */ = {isa = PBXFileReference; lastKnownFileType = sourcecode.swift; path = CityPickerViewController.swift; sourceTree = "<group>"; };
		A114E54E265B0B8D0099B4E7 /* Korea_DetailTableViewController.swift */ = {isa = PBXFileReference; lastKnownFileType = sourcecode.swift; name = Korea_DetailTableViewController.swift; path = Eat_Today/Food/Korea_DetailTableViewController.swift; sourceTree = SOURCE_ROOT; };
		A114E551265B0BD10099B4E7 /* Cafe_DetailTableViewController.swift */ = {isa = PBXFileReference; lastKnownFileType = sourcecode.swift; path = Cafe_DetailTableViewController.swift; sourceTree = "<group>"; };
		A114E554265B0BDA0099B4E7 /* Italy_DetailTableViewController.swift */ = {isa = PBXFileReference; lastKnownFileType = sourcecode.swift; path = Italy_DetailTableViewController.swift; sourceTree = "<group>"; };
		A114E557265B0BE60099B4E7 /* China_DetailTableViewController.swift */ = {isa = PBXFileReference; lastKnownFileType = sourcecode.swift; path = China_DetailTableViewController.swift; sourceTree = "<group>"; };
		A114E55A265B0BEE0099B4E7 /* Japan_DetailTableViewController.swift */ = {isa = PBXFileReference; lastKnownFileType = sourcecode.swift; path = Japan_DetailTableViewController.swift; sourceTree = "<group>"; };
		A114E55D265B0BFA0099B4E7 /* Famous_DetailTableViewController.swift */ = {isa = PBXFileReference; lastKnownFileType = sourcecode.swift; path = Famous_DetailTableViewController.swift; sourceTree = "<group>"; };
		A1468E5E266AB4D700E1B3B8 /* Famous.swift */ = {isa = PBXFileReference; lastKnownFileType = sourcecode.swift; path = Famous.swift; sourceTree = "<group>"; };
		A1468E60266ABE5B00E1B3B8 /* SearchFooter.swift */ = {isa = PBXFileReference; lastKnownFileType = sourcecode.swift; path = SearchFooter.swift; sourceTree = "<group>"; };
		A18374F4265C13BD009F212C /* Japan_HeartTableViewController.swift */ = {isa = PBXFileReference; fileEncoding = 4; lastKnownFileType = sourcecode.swift; path = Japan_HeartTableViewController.swift; sourceTree = "<group>"; };
		A18374F5265C13BD009F212C /* China_HeartTableViewController.swift */ = {isa = PBXFileReference; fileEncoding = 4; lastKnownFileType = sourcecode.swift; path = China_HeartTableViewController.swift; sourceTree = "<group>"; };
		A18374F6265C13BD009F212C /* Cafe_HeartTableViewController.swift */ = {isa = PBXFileReference; fileEncoding = 4; lastKnownFileType = sourcecode.swift; path = Cafe_HeartTableViewController.swift; sourceTree = "<group>"; };
		A18374F7265C13BD009F212C /* Famous_HeartTableViewController.swift */ = {isa = PBXFileReference; fileEncoding = 4; lastKnownFileType = sourcecode.swift; path = Famous_HeartTableViewController.swift; sourceTree = "<group>"; };
		A18374F8265C13BD009F212C /* Italy_HeartTableViewController.swift */ = {isa = PBXFileReference; fileEncoding = 4; lastKnownFileType = sourcecode.swift; path = Italy_HeartTableViewController.swift; sourceTree = "<group>"; };
		A1837500265C1B5C009F212C /* HeartTableViewController.swift */ = {isa = PBXFileReference; lastKnownFileType = sourcecode.swift; path = HeartTableViewController.swift; sourceTree = "<group>"; };
		A186CCB926578C9300F02B69 /* Home.storyboard */ = {isa = PBXFileReference; lastKnownFileType = file.storyboard; path = Home.storyboard; sourceTree = "<group>"; };
		A186CCBC26578D1700F02B69 /* LogoViewController.swift */ = {isa = PBXFileReference; lastKnownFileType = sourcecode.swift; path = LogoViewController.swift; sourceTree = "<group>"; };
		A186CCC22657916800F02B69 /* HomeViewController.swift */ = {isa = PBXFileReference; lastKnownFileType = sourcecode.swift; path = HomeViewController.swift; sourceTree = "<group>"; };
		A186CCCB26579C1E00F02B69 /* Base */ = {isa = PBXFileReference; lastKnownFileType = file.storyboard; name = Base; path = Base.lproj/Main.storyboard; sourceTree = "<group>"; };
		A18CA54D265B98BB009CBD87 /* AllMapViewController.swift */ = {isa = PBXFileReference; lastKnownFileType = sourcecode.swift; path = AllMapViewController.swift; sourceTree = "<group>"; };
		A18CA552265BA6E4009CBD87 /* Korea_MapViewController.swift */ = {isa = PBXFileReference; lastKnownFileType = sourcecode.swift; path = Korea_MapViewController.swift; sourceTree = "<group>"; };
		A18CA555265BA72F009CBD87 /* Cafe_MapViewController.swift */ = {isa = PBXFileReference; fileEncoding = 4; lastKnownFileType = sourcecode.swift; path = Cafe_MapViewController.swift; sourceTree = "<group>"; };
		A18CA556265BA72F009CBD87 /* China_MapViewController.swift */ = {isa = PBXFileReference; fileEncoding = 4; lastKnownFileType = sourcecode.swift; path = China_MapViewController.swift; sourceTree = "<group>"; };
		A18CA557265BA72F009CBD87 /* Famous_MapViewController.swift */ = {isa = PBXFileReference; fileEncoding = 4; lastKnownFileType = sourcecode.swift; path = Famous_MapViewController.swift; sourceTree = "<group>"; };
		A18CA558265BA72F009CBD87 /* Italy_MapViewController.swift */ = {isa = PBXFileReference; fileEncoding = 4; lastKnownFileType = sourcecode.swift; path = Italy_MapViewController.swift; sourceTree = "<group>"; };
		A18CA559265BA72F009CBD87 /* Japan_MapViewController.swift */ = {isa = PBXFileReference; fileEncoding = 4; lastKnownFileType = sourcecode.swift; path = Japan_MapViewController.swift; sourceTree = "<group>"; };
		A1AD1573265C0D6300109A8B /* Korea_HeartTableViewController.swift */ = {isa = PBXFileReference; lastKnownFileType = sourcecode.swift; path = Korea_HeartTableViewController.swift; sourceTree = "<group>"; };
		A1AD1577265C0DB200109A8B /* Heart.swift */ = {isa = PBXFileReference; lastKnownFileType = sourcecode.swift; path = Heart.swift; sourceTree = "<group>"; };
		A1AD157A265C0F1C00109A8B /* StarPickerViewController.swift */ = {isa = PBXFileReference; lastKnownFileType = sourcecode.swift; path = StarPickerViewController.swift; sourceTree = "<group>"; };
		A1B2E9E9266AD4D90027360F /* ColorViewController.swift */ = {isa = PBXFileReference; fileEncoding = 4; lastKnownFileType = sourcecode.swift; path = ColorViewController.swift; sourceTree = "<group>"; };
		A1B2E9EA266AD4D90027360F /* RGB.swift */ = {isa = PBXFileReference; fileEncoding = 4; lastKnownFileType = sourcecode.swift; path = RGB.swift; sourceTree = "<group>"; };
		A1B2E9EB266AD4D90027360F /* Color.swift */ = {isa = PBXFileReference; fileEncoding = 4; lastKnownFileType = sourcecode.swift; path = Color.swift; sourceTree = "<group>"; };
		A1B2E9F0266AD4F10027360F /* OptionTableViewController.swift */ = {isa = PBXFileReference; fileEncoding = 4; lastKnownFileType = sourcecode.swift; path = OptionTableViewController.swift; sourceTree = "<group>"; };
		A1B2E9F3266AD5090027360F /* SearchTableViewController.swift */ = {isa = PBXFileReference; fileEncoding = 4; lastKnownFileType = sourcecode.swift; path = SearchTableViewController.swift; sourceTree = "<group>"; };
		A1F5DA77264A7CC200557B38 /* Eat_Today.app */ = {isa = PBXFileReference; explicitFileType = wrapper.application; includeInIndex = 0; path = Eat_Today.app; sourceTree = BUILT_PRODUCTS_DIR; };
		A1F5DA7A264A7CC200557B38 /* AppDelegate.swift */ = {isa = PBXFileReference; lastKnownFileType = sourcecode.swift; path = AppDelegate.swift; sourceTree = "<group>"; };
		A1F5DA7C264A7CC200557B38 /* SceneDelegate.swift */ = {isa = PBXFileReference; lastKnownFileType = sourcecode.swift; path = SceneDelegate.swift; sourceTree = "<group>"; };
		A1F5DA83264A7CC200557B38 /* Assets.xcassets */ = {isa = PBXFileReference; lastKnownFileType = folder.assetcatalog; path = Assets.xcassets; sourceTree = "<group>"; };
		A1F5DA86264A7CC200557B38 /* Base */ = {isa = PBXFileReference; lastKnownFileType = file.storyboard; name = Base; path = Base.lproj/LaunchScreen.storyboard; sourceTree = "<group>"; };
		A1F5DA88264A7CC200557B38 /* Info.plist */ = {isa = PBXFileReference; lastKnownFileType = text.plist.xml; path = Info.plist; sourceTree = "<group>"; };
/* End PBXFileReference section */

/* Begin PBXFrameworksBuildPhase section */
		A1F5DA74264A7CC200557B38 /* Frameworks */ = {
			isa = PBXFrameworksBuildPhase;
			buildActionMask = 2147483647;
			files = (
			);
			runOnlyForDeploymentPostprocessing = 0;
		};
/* End PBXFrameworksBuildPhase section */

/* Begin PBXGroup section */
		A114E514265A84120099B4E7 /* Food */ = {
			isa = PBXGroup;
			children = (
				A114E52C265A99EF0099B4E7 /* Korea_TableViewController.swift */,
				A114E535265A9A930099B4E7 /* Cafe_TableViewController.swift */,
				A114E534265A9A930099B4E7 /* Italy_TableViewController.swift */,
				A114E531265A9A930099B4E7 /* China_TableViewController.swift */,
				A114E532265A9A930099B4E7 /* Japan_TableViewController.swift */,
				A114E533265A9A930099B4E7 /* Famous_TableViewController.swift */,
			);
			path = Food;
			sourceTree = "<group>";
		};
		A114E54D265B08B40099B4E7 /* Detail */ = {
			isa = PBXGroup;
			children = (
				A114E54E265B0B8D0099B4E7 /* Korea_DetailTableViewController.swift */,
				A114E551265B0BD10099B4E7 /* Cafe_DetailTableViewController.swift */,
				A114E554265B0BDA0099B4E7 /* Italy_DetailTableViewController.swift */,
				A114E557265B0BE60099B4E7 /* China_DetailTableViewController.swift */,
				A114E55A265B0BEE0099B4E7 /* Japan_DetailTableViewController.swift */,
				A114E55D265B0BFA0099B4E7 /* Famous_DetailTableViewController.swift */,
			);
			path = Detail;
			sourceTree = "<group>";
		};
		A186CCB826578C6F00F02B69 /* Loading */ = {
			isa = PBXGroup;
			children = (
				A1F5DA85264A7CC200557B38 /* LaunchScreen.storyboard */,
				A186CCCA26579C1E00F02B69 /* Main.storyboard */,
				A186CCBC26578D1700F02B69 /* LogoViewController.swift */,
			);
			path = Loading;
			sourceTree = "<group>";
		};
		A18CA551265BA6D0009CBD87 /* Map */ = {
			isa = PBXGroup;
			children = (
				A114E50B265A7B490099B4E7 /* Food.swift */,
				A18CA54D265B98BB009CBD87 /* AllMapViewController.swift */,
				A18CA552265BA6E4009CBD87 /* Korea_MapViewController.swift */,
				A18CA555265BA72F009CBD87 /* Cafe_MapViewController.swift */,
				A18CA558265BA72F009CBD87 /* Italy_MapViewController.swift */,
				A18CA556265BA72F009CBD87 /* China_MapViewController.swift */,
				A18CA559265BA72F009CBD87 /* Japan_MapViewController.swift */,
				A18CA557265BA72F009CBD87 /* Famous_MapViewController.swift */,
			);
			path = Map;
			sourceTree = "<group>";
		};
		A1AD1572265C0D3B00109A8B /* Heart */ = {
			isa = PBXGroup;
			children = (
				A1AD1577265C0DB200109A8B /* Heart.swift */,
				A1837500265C1B5C009F212C /* HeartTableViewController.swift */,
				A1AD157A265C0F1C00109A8B /* StarPickerViewController.swift */,
				A1AD1573265C0D6300109A8B /* Korea_HeartTableViewController.swift */,
				A18374F6265C13BD009F212C /* Cafe_HeartTableViewController.swift */,
				A18374F8265C13BD009F212C /* Italy_HeartTableViewController.swift */,
				A18374F5265C13BD009F212C /* China_HeartTableViewController.swift */,
				A18374F4265C13BD009F212C /* Japan_HeartTableViewController.swift */,
				A18374F7265C13BD009F212C /* Famous_HeartTableViewController.swift */,
			);
			path = Heart;
			sourceTree = "<group>";
		};
		A1B2E9E8266AD4AA0027360F /* Color */ = {
			isa = PBXGroup;
			children = (
				A1B2E9EB266AD4D90027360F /* Color.swift */,
				A1B2E9E9266AD4D90027360F /* ColorViewController.swift */,
				A1B2E9EA266AD4D90027360F /* RGB.swift */,
			);
			path = Color;
			sourceTree = "<group>";
		};
		A1F5DA6E264A7CC200557B38 = {
			isa = PBXGroup;
			children = (
				A1F5DA79264A7CC200557B38 /* Eat_Today */,
				A1F5DA78264A7CC200557B38 /* Products */,
			);
			sourceTree = "<group>";
		};
		A1F5DA78264A7CC200557B38 /* Products */ = {
			isa = PBXGroup;
			children = (
				A1F5DA77264A7CC200557B38 /* Eat_Today.app */,
			);
			name = Products;
			sourceTree = "<group>";
		};
		A1F5DA79264A7CC200557B38 /* Eat_Today */ = {
			isa = PBXGroup;
			children = (
				A1B2E9E8266AD4AA0027360F /* Color */,
				A1AD1572265C0D3B00109A8B /* Heart */,
				A18CA551265BA6D0009CBD87 /* Map */,
				A114E54D265B08B40099B4E7 /* Detail */,
				A114E514265A84120099B4E7 /* Food */,
				A186CCB826578C6F00F02B69 /* Loading */,
				A1F5DA7A264A7CC200557B38 /* AppDelegate.swift */,
				A1F5DA7C264A7CC200557B38 /* SceneDelegate.swift */,
				A1F5DA83264A7CC200557B38 /* Assets.xcassets */,
				A1F5DA88264A7CC200557B38 /* Info.plist */,
				A186CCB926578C9300F02B69 /* Home.storyboard */,
				A186CCC22657916800F02B69 /* HomeViewController.swift */,
				A114E53F265ABE8C0099B4E7 /* CityPickerViewController.swift */,
				A1B2E9F0266AD4F10027360F /* OptionTableViewController.swift */,
				A1B2E9F3266AD5090027360F /* SearchTableViewController.swift */,
				A1468E60266ABE5B00E1B3B8 /* SearchFooter.swift */,
				A1468E5E266AB4D700E1B3B8 /* Famous.swift */,
			);
			path = Eat_Today;
			sourceTree = "<group>";
		};
/* End PBXGroup section */

/* Begin PBXNativeTarget section */
		A1F5DA76264A7CC200557B38 /* Eat_Today */ = {
			isa = PBXNativeTarget;
			buildConfigurationList = A1F5DA8B264A7CC200557B38 /* Build configuration list for PBXNativeTarget "Eat_Today" */;
			buildPhases = (
				A1F5DA73264A7CC200557B38 /* Sources */,
				A1F5DA74264A7CC200557B38 /* Frameworks */,
				A1F5DA75264A7CC200557B38 /* Resources */,
			);
			buildRules = (
			);
			dependencies = (
			);
			name = Eat_Today;
			productName = Eat_Today;
			productReference = A1F5DA77264A7CC200557B38 /* Eat_Today.app */;
			productType = "com.apple.product-type.application";
		};
/* End PBXNativeTarget section */

/* Begin PBXProject section */
		A1F5DA6F264A7CC200557B38 /* Project object */ = {
			isa = PBXProject;
			attributes = {
				LastSwiftUpdateCheck = 1240;
				LastUpgradeCheck = 1240;
				TargetAttributes = {
					A1F5DA76264A7CC200557B38 = {
						CreatedOnToolsVersion = 12.4;
					};
				};
			};
			buildConfigurationList = A1F5DA72264A7CC200557B38 /* Build configuration list for PBXProject "Eat_Today" */;
			compatibilityVersion = "Xcode 9.3";
			developmentRegion = en;
			hasScannedForEncodings = 0;
			knownRegions = (
				en,
				Base,
			);
			mainGroup = A1F5DA6E264A7CC200557B38;
			productRefGroup = A1F5DA78264A7CC200557B38 /* Products */;
			projectDirPath = "";
			projectRoot = "";
			targets = (
				A1F5DA76264A7CC200557B38 /* Eat_Today */,
			);
		};
/* End PBXProject section */

/* Begin PBXResourcesBuildPhase section */
		A1F5DA75264A7CC200557B38 /* Resources */ = {
			isa = PBXResourcesBuildPhase;
			buildActionMask = 2147483647;
			files = (
				A1F5DA87264A7CC200557B38 /* LaunchScreen.storyboard in Resources */,
				A186CCCC26579C1E00F02B69 /* Main.storyboard in Resources */,
				A186CCBA26578C9300F02B69 /* Home.storyboard in Resources */,
				A1F5DA84264A7CC200557B38 /* Assets.xcassets in Resources */,
			);
			runOnlyForDeploymentPostprocessing = 0;
		};
/* End PBXResourcesBuildPhase section */

/* Begin PBXSourcesBuildPhase section */
		A1F5DA73264A7CC200557B38 /* Sources */ = {
			isa = PBXSourcesBuildPhase;
			buildActionMask = 2147483647;
			files = (
				A114E539265A9A930099B4E7 /* Italy_TableViewController.swift in Sources */,
				A114E54F265B0B8D0099B4E7 /* Korea_DetailTableViewController.swift in Sources */,
				A1468E5F266AB4D700E1B3B8 /* Famous.swift in Sources */,
				A18374FA265C13BD009F212C /* China_HeartTableViewController.swift in Sources */,
				A114E536265A9A930099B4E7 /* China_TableViewController.swift in Sources */,
				A186CCC32657916800F02B69 /* HomeViewController.swift in Sources */,
				A18374FD265C13BD009F212C /* Italy_HeartTableViewController.swift in Sources */,
				A1B2E9F1266AD4F10027360F /* OptionTableViewController.swift in Sources */,
				A18374FC265C13BD009F212C /* Famous_HeartTableViewController.swift in Sources */,
				A18CA55E265BA730009CBD87 /* Japan_MapViewController.swift in Sources */,
				A114E538265A9A930099B4E7 /* Famous_TableViewController.swift in Sources */,
				A18CA55B265BA730009CBD87 /* China_MapViewController.swift in Sources */,
				A18CA55D265BA730009CBD87 /* Italy_MapViewController.swift in Sources */,
				A114E552265B0BD10099B4E7 /* Cafe_DetailTableViewController.swift in Sources */,
				A1B2E9EE266AD4D90027360F /* Color.swift in Sources */,
				A1AD1578265C0DB200109A8B /* Heart.swift in Sources */,
				A1AD1574265C0D6300109A8B /* Korea_HeartTableViewController.swift in Sources */,
				A114E558265B0BE60099B4E7 /* China_DetailTableViewController.swift in Sources */,
				A1F5DA7B264A7CC200557B38 /* AppDelegate.swift in Sources */,
				A1468E61266ABE5B00E1B3B8 /* SearchFooter.swift in Sources */,
				A1837501265C1B5D009F212C /* HeartTableViewController.swift in Sources */,
				A114E52D265A99EF0099B4E7 /* Korea_TableViewController.swift in Sources */,
				A114E55B265B0BEE0099B4E7 /* Japan_DetailTableViewController.swift in Sources */,
				A114E540265ABE8C0099B4E7 /* CityPickerViewController.swift in Sources */,
				A186CCBD26578D1700F02B69 /* LogoViewController.swift in Sources */,
				A114E55E265B0BFA0099B4E7 /* Famous_DetailTableViewController.swift in Sources */,
				A1B2E9ED266AD4D90027360F /* RGB.swift in Sources */,
				A114E50C265A7B490099B4E7 /* Food.swift in Sources */,
				A18CA55A265BA730009CBD87 /* Cafe_MapViewController.swift in Sources */,
				A18CA55C265BA730009CBD87 /* Famous_MapViewController.swift in Sources */,
				A18374F9265C13BD009F212C /* Japan_HeartTableViewController.swift in Sources */,
				A1B2E9F4266AD5090027360F /* SearchTableViewController.swift in Sources */,
				A1B2E9EC266AD4D90027360F /* ColorViewController.swift in Sources */,
				A1F5DA7D264A7CC200557B38 /* SceneDelegate.swift in Sources */,
				A18CA54E265B98BB009CBD87 /* AllMapViewController.swift in Sources */,
				A18CA553265BA6E4009CBD87 /* Korea_MapViewController.swift in Sources */,
				A1AD157B265C0F1C00109A8B /* StarPickerViewController.swift in Sources */,
				A114E555265B0BDA0099B4E7 /* Italy_DetailTableViewController.swift in Sources */,
				A18374FB265C13BD009F212C /* Cafe_HeartTableViewController.swift in Sources */,
				A114E537265A9A930099B4E7 /* Japan_TableViewController.swift in Sources */,
				A114E53A265A9A930099B4E7 /* Cafe_TableViewController.swift in Sources */,
			);
			runOnlyForDeploymentPostprocessing = 0;
		};
/* End PBXSourcesBuildPhase section */

/* Begin PBXVariantGroup section */
		A186CCCA26579C1E00F02B69 /* Main.storyboard */ = {
			isa = PBXVariantGroup;
			children = (
				A186CCCB26579C1E00F02B69 /* Base */,
			);
			name = Main.storyboard;
			sourceTree = "<group>";
		};
		A1F5DA85264A7CC200557B38 /* LaunchScreen.storyboard */ = {
			isa = PBXVariantGroup;
			children = (
				A1F5DA86264A7CC200557B38 /* Base */,
			);
			name = LaunchScreen.storyboard;
			sourceTree = "<group>";
		};
/* End PBXVariantGroup section */

/* Begin XCBuildConfiguration section */
		A1F5DA89264A7CC200557B38 /* Debug */ = {
			isa = XCBuildConfiguration;
			buildSettings = {
				ALWAYS_SEARCH_USER_PATHS = NO;
				CLANG_ANALYZER_NONNULL = YES;
				CLANG_ANALYZER_NUMBER_OBJECT_CONVERSION = YES_AGGRESSIVE;
				CLANG_CXX_LANGUAGE_STANDARD = "gnu++14";
				CLANG_CXX_LIBRARY = "libc++";
				CLANG_ENABLE_MODULES = YES;
				CLANG_ENABLE_OBJC_ARC = YES;
				CLANG_ENABLE_OBJC_WEAK = YES;
				CLANG_WARN_BLOCK_CAPTURE_AUTORELEASING = YES;
				CLANG_WARN_BOOL_CONVERSION = YES;
				CLANG_WARN_COMMA = YES;
				CLANG_WARN_CONSTANT_CONVERSION = YES;
				CLANG_WARN_DEPRECATED_OBJC_IMPLEMENTATIONS = YES;
				CLANG_WARN_DIRECT_OBJC_ISA_USAGE = YES_ERROR;
				CLANG_WARN_DOCUMENTATION_COMMENTS = YES;
				CLANG_WARN_EMPTY_BODY = YES;
				CLANG_WARN_ENUM_CONVERSION = YES;
				CLANG_WARN_INFINITE_RECURSION = YES;
				CLANG_WARN_INT_CONVERSION = YES;
				CLANG_WARN_NON_LITERAL_NULL_CONVERSION = YES;
				CLANG_WARN_OBJC_IMPLICIT_RETAIN_SELF = YES;
				CLANG_WARN_OBJC_LITERAL_CONVERSION = YES;
				CLANG_WARN_OBJC_ROOT_CLASS = YES_ERROR;
				CLANG_WARN_QUOTED_INCLUDE_IN_FRAMEWORK_HEADER = YES;
				CLANG_WARN_RANGE_LOOP_ANALYSIS = YES;
				CLANG_WARN_STRICT_PROTOTYPES = YES;
				CLANG_WARN_SUSPICIOUS_MOVE = YES;
				CLANG_WARN_UNGUARDED_AVAILABILITY = YES_AGGRESSIVE;
				CLANG_WARN_UNREACHABLE_CODE = YES;
				CLANG_WARN__DUPLICATE_METHOD_MATCH = YES;
				COPY_PHASE_STRIP = NO;
				DEBUG_INFORMATION_FORMAT = dwarf;
				ENABLE_STRICT_OBJC_MSGSEND = YES;
				ENABLE_TESTABILITY = YES;
				GCC_C_LANGUAGE_STANDARD = gnu11;
				GCC_DYNAMIC_NO_PIC = NO;
				GCC_NO_COMMON_BLOCKS = YES;
				GCC_OPTIMIZATION_LEVEL = 0;
				GCC_PREPROCESSOR_DEFINITIONS = (
					"DEBUG=1",
					"$(inherited)",
				);
				GCC_WARN_64_TO_32_BIT_CONVERSION = YES;
				GCC_WARN_ABOUT_RETURN_TYPE = YES_ERROR;
				GCC_WARN_UNDECLARED_SELECTOR = YES;
				GCC_WARN_UNINITIALIZED_AUTOS = YES_AGGRESSIVE;
				GCC_WARN_UNUSED_FUNCTION = YES;
				GCC_WARN_UNUSED_VARIABLE = YES;
				IPHONEOS_DEPLOYMENT_TARGET = 14.4;
				MTL_ENABLE_DEBUG_INFO = INCLUDE_SOURCE;
				MTL_FAST_MATH = YES;
				ONLY_ACTIVE_ARCH = YES;
				SDKROOT = iphoneos;
				SWIFT_ACTIVE_COMPILATION_CONDITIONS = DEBUG;
				SWIFT_OPTIMIZATION_LEVEL = "-Onone";
			};
			name = Debug;
		};
		A1F5DA8A264A7CC200557B38 /* Release */ = {
			isa = XCBuildConfiguration;
			buildSettings = {
				ALWAYS_SEARCH_USER_PATHS = NO;
				CLANG_ANALYZER_NONNULL = YES;
				CLANG_ANALYZER_NUMBER_OBJECT_CONVERSION = YES_AGGRESSIVE;
				CLANG_CXX_LANGUAGE_STANDARD = "gnu++14";
				CLANG_CXX_LIBRARY = "libc++";
				CLANG_ENABLE_MODULES = YES;
				CLANG_ENABLE_OBJC_ARC = YES;
				CLANG_ENABLE_OBJC_WEAK = YES;
				CLANG_WARN_BLOCK_CAPTURE_AUTORELEASING = YES;
				CLANG_WARN_BOOL_CONVERSION = YES;
				CLANG_WARN_COMMA = YES;
				CLANG_WARN_CONSTANT_CONVERSION = YES;
				CLANG_WARN_DEPRECATED_OBJC_IMPLEMENTATIONS = YES;
				CLANG_WARN_DIRECT_OBJC_ISA_USAGE = YES_ERROR;
				CLANG_WARN_DOCUMENTATION_COMMENTS = YES;
				CLANG_WARN_EMPTY_BODY = YES;
				CLANG_WARN_ENUM_CONVERSION = YES;
				CLANG_WARN_INFINITE_RECURSION = YES;
				CLANG_WARN_INT_CONVERSION = YES;
				CLANG_WARN_NON_LITERAL_NULL_CONVERSION = YES;
				CLANG_WARN_OBJC_IMPLICIT_RETAIN_SELF = YES;
				CLANG_WARN_OBJC_LITERAL_CONVERSION = YES;
				CLANG_WARN_OBJC_ROOT_CLASS = YES_ERROR;
				CLANG_WARN_QUOTED_INCLUDE_IN_FRAMEWORK_HEADER = YES;
				CLANG_WARN_RANGE_LOOP_ANALYSIS = YES;
				CLANG_WARN_STRICT_PROTOTYPES = YES;
				CLANG_WARN_SUSPICIOUS_MOVE = YES;
				CLANG_WARN_UNGUARDED_AVAILABILITY = YES_AGGRESSIVE;
				CLANG_WARN_UNREACHABLE_CODE = YES;
				CLANG_WARN__DUPLICATE_METHOD_MATCH = YES;
				COPY_PHASE_STRIP = NO;
				DEBUG_INFORMATION_FORMAT = "dwarf-with-dsym";
				ENABLE_NS_ASSERTIONS = NO;
				ENABLE_STRICT_OBJC_MSGSEND = YES;
				GCC_C_LANGUAGE_STANDARD = gnu11;
				GCC_NO_COMMON_BLOCKS = YES;
				GCC_WARN_64_TO_32_BIT_CONVERSION = YES;
				GCC_WARN_ABOUT_RETURN_TYPE = YES_ERROR;
				GCC_WARN_UNDECLARED_SELECTOR = YES;
				GCC_WARN_UNINITIALIZED_AUTOS = YES_AGGRESSIVE;
				GCC_WARN_UNUSED_FUNCTION = YES;
				GCC_WARN_UNUSED_VARIABLE = YES;
				IPHONEOS_DEPLOYMENT_TARGET = 14.4;
				MTL_ENABLE_DEBUG_INFO = NO;
				MTL_FAST_MATH = YES;
				SDKROOT = iphoneos;
				SWIFT_COMPILATION_MODE = wholemodule;
				SWIFT_OPTIMIZATION_LEVEL = "-O";
				VALIDATE_PRODUCT = YES;
			};
			name = Release;
		};
		A1F5DA8C264A7CC200557B38 /* Debug */ = {
			isa = XCBuildConfiguration;
			buildSettings = {
				ASSETCATALOG_COMPILER_APPICON_NAME = AppIcon;
				ASSETCATALOG_COMPILER_GLOBAL_ACCENT_COLOR_NAME = AccentColor;
				CODE_SIGN_STYLE = Automatic;
				DEVELOPMENT_TEAM = 85VKQ44T6P;
				INFOPLIST_FILE = Eat_Today/Info.plist;
				LD_RUNPATH_SEARCH_PATHS = (
					"$(inherited)",
					"@executable_path/Frameworks",
				);
				PRODUCT_BUNDLE_IDENTIFIER = "sun.2021class.Eat-Today";
				PRODUCT_NAME = "$(TARGET_NAME)";
				SWIFT_VERSION = 5.0;
				TARGETED_DEVICE_FAMILY = "1,2";
			};
			name = Debug;
		};
		A1F5DA8D264A7CC200557B38 /* Release */ = {
			isa = XCBuildConfiguration;
			buildSettings = {
				ASSETCATALOG_COMPILER_APPICON_NAME = AppIcon;
				ASSETCATALOG_COMPILER_GLOBAL_ACCENT_COLOR_NAME = AccentColor;
				CODE_SIGN_STYLE = Automatic;
				DEVELOPMENT_TEAM = 85VKQ44T6P;
				INFOPLIST_FILE = Eat_Today/Info.plist;
				LD_RUNPATH_SEARCH_PATHS = (
					"$(inherited)",
					"@executable_path/Frameworks",
				);
				PRODUCT_BUNDLE_IDENTIFIER = "sun.2021class.Eat-Today";
				PRODUCT_NAME = "$(TARGET_NAME)";
				SWIFT_VERSION = 5.0;
				TARGETED_DEVICE_FAMILY = "1,2";
			};
			name = Release;
		};
/* End XCBuildConfiguration section */

/* Begin XCConfigurationList section */
		A1F5DA72264A7CC200557B38 /* Build configuration list for PBXProject "Eat_Today" */ = {
			isa = XCConfigurationList;
			buildConfigurations = (
				A1F5DA89264A7CC200557B38 /* Debug */,
				A1F5DA8A264A7CC200557B38 /* Release */,
			);
			defaultConfigurationIsVisible = 0;
			defaultConfigurationName = Release;
		};
		A1F5DA8B264A7CC200557B38 /* Build configuration list for PBXNativeTarget "Eat_Today" */ = {
			isa = XCConfigurationList;
			buildConfigurations = (
				A1F5DA8C264A7CC200557B38 /* Debug */,
				A1F5DA8D264A7CC200557B38 /* Release */,
			);
			defaultConfigurationIsVisible = 0;
			defaultConfigurationName = Release;
		};
/* End XCConfigurationList section */
	};
	rootObject = A1F5DA6F264A7CC200557B38 /* Project object */;
}
